Microsoft Visual Studio Solution File, Format Version 12.00
# Visual Studio Version 17
VisualStudioVersion = 17.0.31903.59
MinimumVisualStudioVersion = 10.0.40219.1
Project("{9A19103F-16F7-4668-BE54-9A1E7A4F7556}") = "MicrophoneManager", "MicrophoneManager\\MicrophoneManager.csproj", "{A1B2C3D4-E5F6-7890-ABCD-EF1234567890}"
EndProject
Project("{9A19103F-16F7-4668-BE54-9A1E7A4F7556}") = "MicrophoneManager.Tests", "MicrophoneManager.Tests\\MicrophoneManager.Tests.csproj", "{B9E1F0D5-5A0A-46B5-9F96-AB6F8B1EE2AE}"
EndProject
Project("{9A19103F-16F7-4668-BE54-9A1E7A4F7556}") = "MicrophoneManager.Core", "MicrophoneManager.Core\\MicrophoneManager.Core.csproj", "{C1D2E3F4-A5B6-7890-CDEF-123456789ABC}"
EndProject
Project("{9A19103F-16F7-4668-BE54-9A1E7A4F7556}") = "MicrophoneManager.WinUI", "MicrophoneManager.WinUI\\MicrophoneManager.WinUI.csproj", "{D2E3F4A5-B6C7-8901-DEFG-234567890BCD}"
EndProject
Global
    GlobalSection(SolutionConfigurationPlatforms) = preSolution
        Debug|x64 = Debug|x64
        Release|x64 = Release|x64
    EndGlobalSection
    GlobalSection(ProjectConfigurationPlatforms) = postSolution
        {A1B2C3D4-E5F6-7890-ABCD-EF1234567890}.Debug|x64.ActiveCfg = Debug|x64
        {A1B2C3D4-E5F6-7890-ABCD-EF1234567890}.Debug|x64.Build.0 = Debug|x64
        {A1B2C3D4-E5F6-7890-ABCD-EF1234567890}.Release|x64.ActiveCfg = Release|x64
        {A1B2C3D4-E5F6-7890-ABCD-EF1234567890}.Release|x64.Build.0 = Release|x64
        {B9E1F0D5-5A0A-46B5-9F96-AB6F8B1EE2AE}.Debug|x64.ActiveCfg = Debug|x64
        {B9E1F0D5-5A0A-46B5-9F96-AB6F8B1EE2AE}.Debug|x64.Build.0 = Debug|x64
        {B9E1F0D5-5A0A-46B5-9F96-AB6F8B1EE2AE}.Release|x64.ActiveCfg = Release|x64
        {B9E1F0D5-5A0A-46B5-9F96-AB6F8B1EE2AE}.Release|x64.Build.0 = Release|x64
        {C1D2E3F4-A5B6-7890-CDEF-123456789ABC}.Debug|x64.ActiveCfg = Debug|x64
        {C1D2E3F4-A5B6-7890-CDEF-123456789ABC}.Debug|x64.Build.0 = Debug|x64
        {C1D2E3F4-A5B6-7890-CDEF-123456789ABC}.Release|x64.ActiveCfg = Release|x64
        {C1D2E3F4-A5B6-7890-CDEF-123456789ABC}.Release|x64.Build.0 = Release|x64
        {D2E3F4A5-B6C7-8901-DEFG-234567890BCD}.Debug|x64.ActiveCfg = Debug|x64
        {D2E3F4A5-B6C7-8901-DEFG-234567890BCD}.Debug|x64.Build.0 = Debug|x64
        {D2E3F4A5-B6C7-8901-DEFG-234567890BCD}.Release|x64.ActiveCfg = Release|x64
        {D2E3F4A5-B6C7-8901-DEFG-234567890BCD}.Release|x64.Build.0 = Release|x64
    EndGlobalSection
EndGlobal
